
Microsoft Visual Studio Solution File, Format Version 12.00
# Visual Studio Version 17
VisualStudioVersion = 17.14.36414.22 d17.14
MinimumVisualStudioVersion = 10.0.40219.1
Project("{2150E333-8FDC-42A3-9474-1A3956D46DE8}") = "Task0", "Task0", "{02EA681E-C7D8-13C7-8484-4AC65E1B71E8}"
EndProject
Project("{FAE04EC0-301F-11D3-BF4B-00C04F79EFBC}") = "Tyuiu.NasadukJA.Sprint2.Task0.V21", "Tyuiu.NasadukJA.Sprint2.Task0.V21\Tyuiu.NasadukJA.Sprint2.Task0.V21.csproj", "{5A3DE075-C769-4385-91B6-ADA3B10F4489}"
EndProject
Project("{FAE04EC0-301F-11D3-BF4B-00C04F79EFBC}") = "Tyuiu.NasadukJA.Sprint2.Task0.V21.Lib", "Tyuiu.NasadukJA.Sprint2.Task0.V21.Lib\Tyuiu.NasadukJA.Sprint2.Task0.V21.Lib.csproj", "{9F20237E-1960-4EC2-AA8D-DABC3ACE7057}"
EndProject
Project("{FAE04EC0-301F-11D3-BF4B-00C04F79EFBC}") = "Tyuiu.NasadukJA.Sprint2.Task0.V21.Test", "Tyuiu.NasadukJA.Sprint2.Task0.V21.Test\Tyuiu.NasadukJA.Sprint2.Task0.V21.Test.csproj", "{F4B9311D-6A0B-4510-BF66-86046F9D1E70}"
EndProject
Project("{2150E333-8FDC-42A3-9474-1A3956D46DE8}") = "Task1", "Task1", "{A38C0932-F67D-42E7-81D2-56D7A9830E30}"
EndProject
Project("{FAE04EC0-301F-11D3-BF4B-00C04F79EFBC}") = "Tyuiu.NasadukJA.Sprint2.Task1.V26.Test", "Tyuiu.NasadukJA.Sprint2.Task1.V26.Test\Tyuiu.NasadukJA.Sprint2.Task1.V26.Test.csproj", "{32ADC54A-C0A3-4C83-AD4B-7F4777D58A43}"
EndProject
Project("{FAE04EC0-301F-11D3-BF4B-00C04F79EFBC}") = "Tyuiu.NasadukJA.Sprint2.Task1.V26.Lib", "Tyuiu.NasadukJA.Sprint2.Task1.V26.Lib\Tyuiu.NasadukJA.Sprint2.Task1.V26.Lib.csproj", "{63F9C535-F2C1-4FF5-85F1-F9066D748CB2}"
EndProject
Project("{FAE04EC0-301F-11D3-BF4B-00C04F79EFBC}") = "Tyuiu.NasadukJA.Sprint2.Task1.V26", "Tyuiu.NasadukJA.Sprint2.Task1.V26\Tyuiu.NasadukJA.Sprint2.Task1.V26.csproj", "{327C4741-958E-4E73-AD51-C6932535E658}"
EndProject
Project("{2150E333-8FDC-42A3-9474-1A3956D46DE8}") = "Task2", "Task2", "{EB6737C8-1A97-41E2-B084-E7963113A929}"
EndProject
Project("{FAE04EC0-301F-11D3-BF4B-00C04F79EFBC}") = "Tyuiu.NasadukJA.Sprint2.Task2.V18", "Tyuiu.NasadukJA.Sprint2.Task2.V18\Tyuiu.NasadukJA.Sprint2.Task2.V18.csproj", "{C5FEE7E4-E325-4064-8D6A-4B14ACB81875}"
EndProject
Project("{FAE04EC0-301F-11D3-BF4B-00C04F79EFBC}") = "Tyuiu.NasadukJA.Sprint2.Task2.V18.Lib", "Tyuiu.NasadukJA.Sprint2.Task2.V18.Lib\Tyuiu.NasadukJA.Sprint2.Task2.V18.Lib.csproj", "{3558DEF6-9F05-46F6-B3D8-FC4F3F38D729}"
EndProject
Project("{FAE04EC0-301F-11D3-BF4B-00C04F79EFBC}") = "Tyuiu.NasadukJA.Sprint2.Task2.V18.Test", "Tyuiu.NasadukJA.Sprint2.Task2.V18.Test\Tyuiu.NasadukJA.Sprint2.Task2.V18.Test.csproj", "{E3758D45-10DB-4541-A35A-C01C7E3BE2E7}"
EndProject
Project("{2150E333-8FDC-42A3-9474-1A3956D46DE8}") = "Task3", "Task3", "{F413EC0A-258B-4435-8C58-7043F5D6C372}"
EndProject
Project("{FAE04EC0-301F-11D3-BF4B-00C04F79EFBC}") = "Tyuiu.NasadukJA.Sprint2.Task3.V6.Test", "Tyuiu.NasadukJA.Sprint2.Task3.V6.Test\Tyuiu.NasadukJA.Sprint2.Task3.V6.Test.csproj", "{B656B16C-858D-4F2E-997E-392CD843DE38}"
EndProject
Project("{FAE04EC0-301F-11D3-BF4B-00C04F79EFBC}") = "Tyuiu.NasadukJA.Sprint2.Task3.V6.Lib", "Tyuiu.NasadukJA.Sprint2.Task3.V6.Lib\Tyuiu.NasadukJA.Sprint2.Task3.V6.Lib.csproj", "{AF1D8885-0DB1-4635-853D-1E2A5A9F9B62}"
EndProject
Project("{FAE04EC0-301F-11D3-BF4B-00C04F79EFBC}") = "Tyuiu.NasadukJA.Sprint2.Task3.V6", "Tyuiu.NasadukJA.Sprint2.Task3.V6\Tyuiu.NasadukJA.Sprint2.Task3.V6.csproj", "{65D1683D-CA6B-4720-9FF7-D93DF20BEA6C}"
EndProject
Project("{2150E333-8FDC-42A3-9474-1A3956D46DE8}") = "Task4", "Task4", "{C71BBFD3-8770-4E05-9C02-8CA664424010}"
EndProject
Project("{FAE04EC0-301F-11D3-BF4B-00C04F79EFBC}") = "Tyuiu.NasadukJA.Sprint2.Task4.V6", "Tyuiu.NasadukJA.Sprint2.Task4.V6\Tyuiu.NasadukJA.Sprint2.Task4.V6.csproj", "{B715AA2D-2060-45C5-8578-4F357E1A4ED3}"
EndProject
Project("{FAE04EC0-301F-11D3-BF4B-00C04F79EFBC}") = "Tyuiu.NasadukJA.Sprint2.Task4.V6.Lib", "Tyuiu.NasadukJA.Sprint2.Task4.V6.Lib\Tyuiu.NasadukJA.Sprint2.Task4.V6.Lib.csproj", "{29A37635-A791-4C7C-A7BD-5415883FADDB}"
EndProject
Project("{FAE04EC0-301F-11D3-BF4B-00C04F79EFBC}") = "Tyuiu.NasadukJA.Sprint2.Task4.V6.Test", "Tyuiu.NasadukJA.Sprint2.Task4.V6.Test\Tyuiu.NasadukJA.Sprint2.Task4.V6.Test.csproj", "{9D88ADA6-E5FB-4942-B576-0ED81CE84B40}"
EndProject
Project("{2150E333-8FDC-42A3-9474-1A3956D46DE8}") = "Task5", "Task5", "{B8C2E8B3-0BD6-4BC0-AE5D-543BBFE75059}"
EndProject
Project("{FAE04EC0-301F-11D3-BF4B-00C04F79EFBC}") = "Tyuiu.NasadukJA.Sprint2.Task5.V15.Test", "Tyuiu.NasadukJA.Sprint2.Task5.V15.Test\Tyuiu.NasadukJA.Sprint2.Task5.V15.Test.csproj", "{8598A34B-A459-47E4-9C3A-D89AC805E934}"
EndProject
Project("{FAE04EC0-301F-11D3-BF4B-00C04F79EFBC}") = "Tyuiu.NasadukJA.Sprint2.Task5.V15.Lib", "Tyuiu.NasadukJA.Sprint2.Task5.V15.Lib\Tyuiu.NasadukJA.Sprint2.Task5.V15.Lib.csproj", "{55DF31FE-F6EA-4B4A-A315-A70620C365A6}"
EndProject
Project("{FAE04EC0-301F-11D3-BF4B-00C04F79EFBC}") = "Tyuiu.NasadukJA.Sprint2.Task5.V15", "Tyuiu.NasadukJA.Sprint2.Task5.V15\Tyuiu.NasadukJA.Sprint2.Task5.V15.csproj", "{2CF7142E-82B2-49B6-BD2B-D92615DD107A}"
EndProject
Project("{2150E333-8FDC-42A3-9474-1A3956D46DE8}") = "Task6", "Task6", "{8222113A-0666-4A5F-8283-00F036FE3D96}"
EndProject
Project("{FAE04EC0-301F-11D3-BF4B-00C04F79EFBC}") = "Tyuiu.NasadukJA.Sprint2.Task6.V15", "Tyuiu.NasadukJA.Sprint2.Task6.V15\Tyuiu.NasadukJA.Sprint2.Task6.V15.csproj", "{E4A6F4DA-B6C6-4187-BA56-916C82873408}"
EndProject
Project("{FAE04EC0-301F-11D3-BF4B-00C04F79EFBC}") = "Tyuiu.NasadukJA.Sprint2.Task6.V15.Lib", "Tyuiu.NasadukJA.Sprint2.Task6.V15.Lib\Tyuiu.NasadukJA.Sprint2.Task6.V15.Lib.csproj", "{B72956BE-08B7-401C-A06A-CF455EE8C435}"
EndProject
Project("{FAE04EC0-301F-11D3-BF4B-00C04F79EFBC}") = "Tyuiu.NasadukJA.Sprint2.Task6.V15.Test", "Tyuiu.NasadukJA.Sprint2.Task6.V15.Test\Tyuiu.NasadukJA.Sprint2.Task6.V15.Test.csproj", "{240326B7-B8D7-408B-B68B-56C409C330A8}"
EndProject
Project("{2150E333-8FDC-42A3-9474-1A3956D46DE8}") = "Task7", "Task7", "{96D94B7F-F9AC-4A2B-A8D4-BEC08066A8B5}"
EndProject
Project("{FAE04EC0-301F-11D3-BF4B-00C04F79EFBC}") = "Tyuiu.NasadukJA.Sprint2.Task7.V6.Test", "Tyuiu.NasadukJA.Sprint2.Task7.V6.Test\Tyuiu.NasadukJA.Sprint2.Task7.V6.Test.csproj", "{A0C89C22-86A8-418A-AABB-223386126EFB}"
EndProject
Project("{FAE04EC0-301F-11D3-BF4B-00C04F79EFBC}") = "Tyuiu.NasadukJA.Sprint2.Task7.V6.Lib", "Tyuiu.NasadukJA.Sprint2.Task7.V6.Lib\Tyuiu.NasadukJA.Sprint2.Task7.V6.Lib.csproj", "{641D2D0E-7A45-4EB4-9BE8-DD79B18A80D8}"
EndProject
Project("{FAE04EC0-301F-11D3-BF4B-00C04F79EFBC}") = "Tyuiu.NasadukJA.Sprint2.Task7.V6", "Tyuiu.NasadukJA.Sprint2.Task7.V6\Tyuiu.NasadukJA.Sprint2.Task7.V6.csproj", "{81737181-33DB-4FE2-B584-DC76BB31381D}"
EndProject
Global
	GlobalSection(SolutionConfigurationPlatforms) = preSolution
		Debug|Any CPU = Debug|Any CPU
		Release|Any CPU = Release|Any CPU
	EndGlobalSection
	GlobalSection(ProjectConfigurationPlatforms) = postSolution
		{5A3DE075-C769-4385-91B6-ADA3B10F4489}.Debug|Any CPU.ActiveCfg = Debug|Any CPU
		{5A3DE075-C769-4385-91B6-ADA3B10F4489}.Debug|Any CPU.Build.0 = Debug|Any CPU
		{5A3DE075-C769-4385-91B6-ADA3B10F4489}.Release|Any CPU.ActiveCfg = Release|Any CPU
		{5A3DE075-C769-4385-91B6-ADA3B10F4489}.Release|Any CPU.Build.0 = Release|Any CPU
		{9F20237E-1960-4EC2-AA8D-DABC3ACE7057}.Debug|Any CPU.ActiveCfg = Debug|Any CPU
		{9F20237E-1960-4EC2-AA8D-DABC3ACE7057}.Debug|Any CPU.Build.0 = Debug|Any CPU
		{9F20237E-1960-4EC2-AA8D-DABC3ACE7057}.Release|Any CPU.ActiveCfg = Release|Any CPU
		{9F20237E-1960-4EC2-AA8D-DABC3ACE7057}.Release|Any CPU.Build.0 = Release|Any CPU
		{F4B9311D-6A0B-4510-BF66-86046F9D1E70}.Debug|Any CPU.ActiveCfg = Debug|Any CPU
		{F4B9311D-6A0B-4510-BF66-86046F9D1E70}.Debug|Any CPU.Build.0 = Debug|Any CPU
		{F4B9311D-6A0B-4510-BF66-86046F9D1E70}.Release|Any CPU.ActiveCfg = Release|Any CPU
		{F4B9311D-6A0B-4510-BF66-86046F9D1E70}.Release|Any CPU.Build.0 = Release|Any CPU
		{32ADC54A-C0A3-4C83-AD4B-7F4777D58A43}.Debug|Any CPU.ActiveCfg = Debug|Any CPU
		{32ADC54A-C0A3-4C83-AD4B-7F4777D58A43}.Debug|Any CPU.Build.0 = Debug|Any CPU
		{32ADC54A-C0A3-4C83-AD4B-7F4777D58A43}.Release|Any CPU.ActiveCfg = Release|Any CPU
		{32ADC54A-C0A3-4C83-AD4B-7F4777D58A43}.Release|Any CPU.Build.0 = Release|Any CPU
		{63F9C535-F2C1-4FF5-85F1-F9066D748CB2}.Debug|Any CPU.ActiveCfg = Debug|Any CPU
		{63F9C535-F2C1-4FF5-85F1-F9066D748CB2}.Debug|Any CPU.Build.0 = Debug|Any CPU
		{63F9C535-F2C1-4FF5-85F1-F9066D748CB2}.Release|Any CPU.ActiveCfg = Release|Any CPU
		{63F9C535-F2C1-4FF5-85F1-F9066D748CB2}.Release|Any CPU.Build.0 = Release|Any CPU
		{327C4741-958E-4E73-AD51-C6932535E658}.Debug|Any CPU.ActiveCfg = Debug|Any CPU
		{327C4741-958E-4E73-AD51-C6932535E658}.Debug|Any CPU.Build.0 = Debug|Any CPU
		{327C4741-958E-4E73-AD51-C6932535E658}.Release|Any CPU.ActiveCfg = Release|Any CPU
		{327C4741-958E-4E73-AD51-C6932535E658}.Release|Any CPU.Build.0 = Release|Any CPU
		{C5FEE7E4-E325-4064-8D6A-4B14ACB81875}.Debug|Any CPU.ActiveCfg = Debug|Any CPU
		{C5FEE7E4-E325-4064-8D6A-4B14ACB81875}.Debug|Any CPU.Build.0 = Debug|Any CPU
		{C5FEE7E4-E325-4064-8D6A-4B14ACB81875}.Release|Any CPU.ActiveCfg = Release|Any CPU
		{C5FEE7E4-E325-4064-8D6A-4B14ACB81875}.Release|Any CPU.Build.0 = Release|Any CPU
		{3558DEF6-9F05-46F6-B3D8-FC4F3F38D729}.Debug|Any CPU.ActiveCfg = Debug|Any CPU
		{3558DEF6-9F05-46F6-B3D8-FC4F3F38D729}.Debug|Any CPU.Build.0 = Debug|Any CPU
		{3558DEF6-9F05-46F6-B3D8-FC4F3F38D729}.Release|Any CPU.ActiveCfg = Release|Any CPU
		{3558DEF6-9F05-46F6-B3D8-FC4F3F38D729}.Release|Any CPU.Build.0 = Release|Any CPU
		{E3758D45-10DB-4541-A35A-C01C7E3BE2E7}.Debug|Any CPU.ActiveCfg = Debug|Any CPU
		{E3758D45-10DB-4541-A35A-C01C7E3BE2E7}.Debug|Any CPU.Build.0 = Debug|Any CPU
		{E3758D45-10DB-4541-A35A-C01C7E3BE2E7}.Release|Any CPU.ActiveCfg = Release|Any CPU
		{E3758D45-10DB-4541-A35A-C01C7E3BE2E7}.Release|Any CPU.Build.0 = Release|Any CPU
		{B656B16C-858D-4F2E-997E-392CD843DE38}.Debug|Any CPU.ActiveCfg = Debug|Any CPU
		{B656B16C-858D-4F2E-997E-392CD843DE38}.Debug|Any CPU.Build.0 = Debug|Any CPU
		{B656B16C-858D-4F2E-997E-392CD843DE38}.Release|Any CPU.ActiveCfg = Release|Any CPU
		{B656B16C-858D-4F2E-997E-392CD843DE38}.Release|Any CPU.Build.0 = Release|Any CPU
		{AF1D8885-0DB1-4635-853D-1E2A5A9F9B62}.Debug|Any CPU.ActiveCfg = Debug|Any CPU
		{AF1D8885-0DB1-4635-853D-1E2A5A9F9B62}.Debug|Any CPU.Build.0 = Debug|Any CPU
		{AF1D8885-0DB1-4635-853D-1E2A5A9F9B62}.Release|Any CPU.ActiveCfg = Release|Any CPU
		{AF1D8885-0DB1-4635-853D-1E2A5A9F9B62}.Release|Any CPU.Build.0 = Release|Any CPU
		{65D1683D-CA6B-4720-9FF7-D93DF20BEA6C}.Debug|Any CPU.ActiveCfg = Debug|Any CPU
		{65D1683D-CA6B-4720-9FF7-D93DF20BEA6C}.Debug|Any CPU.Build.0 = Debug|Any CPU
		{65D1683D-CA6B-4720-9FF7-D93DF20BEA6C}.Release|Any CPU.ActiveCfg = Release|Any CPU
		{65D1683D-CA6B-4720-9FF7-D93DF20BEA6C}.Release|Any CPU.Build.0 = Release|Any CPU
		{B715AA2D-2060-45C5-8578-4F357E1A4ED3}.Debug|Any CPU.ActiveCfg = Debug|Any CPU
		{B715AA2D-2060-45C5-8578-4F357E1A4ED3}.Debug|Any CPU.Build.0 = Debug|Any CPU
		{B715AA2D-2060-45C5-8578-4F357E1A4ED3}.Release|Any CPU.ActiveCfg = Release|Any CPU
		{B715AA2D-2060-45C5-8578-4F357E1A4ED3}.Release|Any CPU.Build.0 = Release|Any CPU
		{29A37635-A791-4C7C-A7BD-5415883FADDB}.Debug|Any CPU.ActiveCfg = Debug|Any CPU
		{29A37635-A791-4C7C-A7BD-5415883FADDB}.Debug|Any CPU.Build.0 = Debug|Any CPU
		{29A37635-A791-4C7C-A7BD-5415883FADDB}.Release|Any CPU.ActiveCfg = Release|Any CPU
		{29A37635-A791-4C7C-A7BD-5415883FADDB}.Release|Any CPU.Build.0 = Release|Any CPU
		{9D88ADA6-E5FB-4942-B576-0ED81CE84B40}.Debug|Any CPU.ActiveCfg = Debug|Any CPU
		{9D88ADA6-E5FB-4942-B576-0ED81CE84B40}.Debug|Any CPU.Build.0 = Debug|Any CPU
		{9D88ADA6-E5FB-4942-B576-0ED81CE84B40}.Release|Any CPU.ActiveCfg = Release|Any CPU
		{9D88ADA6-E5FB-4942-B576-0ED81CE84B40}.Release|Any CPU.Build.0 = Release|Any CPU
		{8598A34B-A459-47E4-9C3A-D89AC805E934}.Debug|Any CPU.ActiveCfg = Debug|Any CPU
		{8598A34B-A459-47E4-9C3A-D89AC805E934}.Debug|Any CPU.Build.0 = Debug|Any CPU
		{8598A34B-A459-47E4-9C3A-D89AC805E934}.Release|Any CPU.ActiveCfg = Release|Any CPU
		{8598A34B-A459-47E4-9C3A-D89AC805E934}.Release|Any CPU.Build.0 = Release|Any CPU
		{55DF31FE-F6EA-4B4A-A315-A70620C365A6}.Debug|Any CPU.ActiveCfg = Debug|Any CPU
		{55DF31FE-F6EA-4B4A-A315-A70620C365A6}.Debug|Any CPU.Build.0 = Debug|Any CPU
		{55DF31FE-F6EA-4B4A-A315-A70620C365A6}.Release|Any CPU.ActiveCfg = Release|Any CPU
		{55DF31FE-F6EA-4B4A-A315-A70620C365A6}.Release|Any CPU.Build.0 = Release|Any CPU
		{2CF7142E-82B2-49B6-BD2B-D92615DD107A}.Debug|Any CPU.ActiveCfg = Debug|Any CPU
		{2CF7142E-82B2-49B6-BD2B-D92615DD107A}.Debug|Any CPU.Build.0 = Debug|Any CPU
		{2CF7142E-82B2-49B6-BD2B-D92615DD107A}.Release|Any CPU.ActiveCfg = Release|Any CPU
		{2CF7142E-82B2-49B6-BD2B-D92615DD107A}.Release|Any CPU.Build.0 = Release|Any CPU
		{E4A6F4DA-B6C6-4187-BA56-916C82873408}.Debug|Any CPU.ActiveCfg = Debug|Any CPU
		{E4A6F4DA-B6C6-4187-BA56-916C82873408}.Debug|Any CPU.Build.0 = Debug|Any CPU
		{E4A6F4DA-B6C6-4187-BA56-916C82873408}.Release|Any CPU.ActiveCfg = Release|Any CPU
		{E4A6F4DA-B6C6-4187-BA56-916C82873408}.Release|Any CPU.Build.0 = Release|Any CPU
		{B72956BE-08B7-401C-A06A-CF455EE8C435}.Debug|Any CPU.ActiveCfg = Debug|Any CPU
		{B72956BE-08B7-401C-A06A-CF455EE8C435}.Debug|Any CPU.Build.0 = Debug|Any CPU
		{B72956BE-08B7-401C-A06A-CF455EE8C435}.Release|Any CPU.ActiveCfg = Release|Any CPU
		{B72956BE-08B7-401C-A06A-CF455EE8C435}.Release|Any CPU.Build.0 = Release|Any CPU
		{240326B7-B8D7-408B-B68B-56C409C330A8}.Debug|Any CPU.ActiveCfg = Debug|Any CPU
		{240326B7-B8D7-408B-B68B-56C409C330A8}.Debug|Any CPU.Build.0 = Debug|Any CPU
		{240326B7-B8D7-408B-B68B-56C409C330A8}.Release|Any CPU.ActiveCfg = Release|Any CPU
		{240326B7-B8D7-408B-B68B-56C409C330A8}.Release|Any CPU.Build.0 = Release|Any CPU
		{A0C89C22-86A8-418A-AABB-223386126EFB}.Debug|Any CPU.ActiveCfg = Debug|Any CPU
		{A0C89C22-86A8-418A-AABB-223386126EFB}.Debug|Any CPU.Build.0 = Debug|Any CPU
		{A0C89C22-86A8-418A-AABB-223386126EFB}.Release|Any CPU.ActiveCfg = Release|Any CPU
		{A0C89C22-86A8-418A-AABB-223386126EFB}.Release|Any CPU.Build.0 = Release|Any CPU
		{641D2D0E-7A45-4EB4-9BE8-DD79B18A80D8}.Debug|Any CPU.ActiveCfg = Debug|Any CPU
		{641D2D0E-7A45-4EB4-9BE8-DD79B18A80D8}.Debug|Any CPU.Build.0 = Debug|Any CPU
		{641D2D0E-7A45-4EB4-9BE8-DD79B18A80D8}.Release|Any CPU.ActiveCfg = Release|Any CPU
		{641D2D0E-7A45-4EB4-9BE8-DD79B18A80D8}.Release|Any CPU.Build.0 = Release|Any CPU
		{81737181-33DB-4FE2-B584-DC76BB31381D}.Debug|Any CPU.ActiveCfg = Debug|Any CPU
		{81737181-33DB-4FE2-B584-DC76BB31381D}.Debug|Any CPU.Build.0 = Debug|Any CPU
		{81737181-33DB-4FE2-B584-DC76BB31381D}.Release|Any CPU.ActiveCfg = Release|Any CPU
		{81737181-33DB-4FE2-B584-DC76BB31381D}.Release|Any CPU.Build.0 = Release|Any CPU
	EndGlobalSection
	GlobalSection(SolutionProperties) = preSolution
		HideSolutionNode = FALSE
	EndGlobalSection
	GlobalSection(NestedProjects) = preSolution
		{5A3DE075-C769-4385-91B6-ADA3B10F4489} = {02EA681E-C7D8-13C7-8484-4AC65E1B71E8}
		{9F20237E-1960-4EC2-AA8D-DABC3ACE7057} = {02EA681E-C7D8-13C7-8484-4AC65E1B71E8}
		{F4B9311D-6A0B-4510-BF66-86046F9D1E70} = {02EA681E-C7D8-13C7-8484-4AC65E1B71E8}
		{32ADC54A-C0A3-4C83-AD4B-7F4777D58A43} = {A38C0932-F67D-42E7-81D2-56D7A9830E30}
		{63F9C535-F2C1-4FF5-85F1-F9066D748CB2} = {A38C0932-F67D-42E7-81D2-56D7A9830E30}
		{327C4741-958E-4E73-AD51-C6932535E658} = {A38C0932-F67D-42E7-81D2-56D7A9830E30}
		{C5FEE7E4-E325-4064-8D6A-4B14ACB81875} = {EB6737C8-1A97-41E2-B084-E7963113A929}
		{3558DEF6-9F05-46F6-B3D8-FC4F3F38D729} = {EB6737C8-1A97-41E2-B084-E7963113A929}
		{E3758D45-10DB-4541-A35A-C01C7E3BE2E7} = {EB6737C8-1A97-41E2-B084-E7963113A929}
		{B656B16C-858D-4F2E-997E-392CD843DE38} = {F413EC0A-258B-4435-8C58-7043F5D6C372}
		{AF1D8885-0DB1-4635-853D-1E2A5A9F9B62} = {F413EC0A-258B-4435-8C58-7043F5D6C372}
		{65D1683D-CA6B-4720-9FF7-D93DF20BEA6C} = {F413EC0A-258B-4435-8C58-7043F5D6C372}
		{B715AA2D-2060-45C5-8578-4F357E1A4ED3} = {C71BBFD3-8770-4E05-9C02-8CA664424010}
		{29A37635-A791-4C7C-A7BD-5415883FADDB} = {C71BBFD3-8770-4E05-9C02-8CA664424010}
		{9D88ADA6-E5FB-4942-B576-0ED81CE84B40} = {C71BBFD3-8770-4E05-9C02-8CA664424010}
		{8598A34B-A459-47E4-9C3A-D89AC805E934} = {B8C2E8B3-0BD6-4BC0-AE5D-543BBFE75059}
		{55DF31FE-F6EA-4B4A-A315-A70620C365A6} = {B8C2E8B3-0BD6-4BC0-AE5D-543BBFE75059}
		{2CF7142E-82B2-49B6-BD2B-D92615DD107A} = {B8C2E8B3-0BD6-4BC0-AE5D-543BBFE75059}
		{E4A6F4DA-B6C6-4187-BA56-916C82873408} = {8222113A-0666-4A5F-8283-00F036FE3D96}
		{B72956BE-08B7-401C-A06A-CF455EE8C435} = {8222113A-0666-4A5F-8283-00F036FE3D96}
		{240326B7-B8D7-408B-B68B-56C409C330A8} = {8222113A-0666-4A5F-8283-00F036FE3D96}
		{A0C89C22-86A8-418A-AABB-223386126EFB} = {96D94B7F-F9AC-4A2B-A8D4-BEC08066A8B5}
		{641D2D0E-7A45-4EB4-9BE8-DD79B18A80D8} = {96D94B7F-F9AC-4A2B-A8D4-BEC08066A8B5}
		{81737181-33DB-4FE2-B584-DC76BB31381D} = {96D94B7F-F9AC-4A2B-A8D4-BEC08066A8B5}
	EndGlobalSection
	GlobalSection(ExtensibilityGlobals) = postSolution
		SolutionGuid = {008533A5-5B6C-4E76-B841-46FA2223DC03}
	EndGlobalSection
EndGlobal
